
Microsoft Visual Studio Solution File, Format Version 12.00
# Visual Studio Version 16
VisualStudioVersion = 16.0.29709.97
MinimumVisualStudioVersion = 10.0.40219.1
Project("{FAE04EC0-301F-11D3-BF4B-00C04F79EFBC}") = "MyWebPage2.0", "MyWebPage2.0\MyWebPage2.0.csproj", "{5EA0A830-63E6-4B21-8232-38A137F821A6}"
EndProject
Global
	GlobalSection(SolutionConfigurationPlatforms) = preSolution
		Debug|Any CPU = Debug|Any CPU
		Release|Any CPU = Release|Any CPU
	EndGlobalSection
	GlobalSection(ProjectConfigurationPlatforms) = postSolution
		{5EA0A830-63E6-4B21-8232-38A137F821A6}.Debug|Any CPU.ActiveCfg = Debug|Any CPU
		{5EA0A830-63E6-4B21-8232-38A137F821A6}.Debug|Any CPU.Build.0 = Debug|Any CPU
		{5EA0A830-63E6-4B21-8232-38A137F821A6}.Release|Any CPU.ActiveCfg = Release|Any CPU
		{5EA0A830-63E6-4B21-8232-38A137F821A6}.Release|Any CPU.Build.0 = Release|Any CPU
	EndGlobalSection
	GlobalSection(SolutionProperties) = preSolution
		HideSolutionNode = FALSE
	EndGlobalSection
	GlobalSection(ExtensibilityGlobals) = postSolution
		SolutionGuid = {B6482928-A6A2-4860-B7FD-D134649A8913}
	EndGlobalSection
EndGlobal
